// !$*UTF8*$!
{
	archiveVersion = 1;
	classes = {
	};
	objectVersion = 55;
	objects = {

/* Begin PBXBuildFile section */
		920DAB0728A170FA00E1F3E1 /* DataStore.swift in Sources */ = {isa = PBXBuildFile; fileRef = 920DAB0628A170FA00E1F3E1 /* DataStore.swift */; };
		92CAB86B289C354800340975 /* AppDelegate.swift in Sources */ = {isa = PBXBuildFile; fileRef = 92CAB86A289C354800340975 /* AppDelegate.swift */; };
		92CAB86D289C354800340975 /* SceneDelegate.swift in Sources */ = {isa = PBXBuildFile; fileRef = 92CAB86C289C354800340975 /* SceneDelegate.swift */; };
		92CAB86F289C354800340975 /* SpringViewController.swift in Sources */ = {isa = PBXBuildFile; fileRef = 92CAB86E289C354800340975 /* SpringViewController.swift */; };
		92CAB872289C354800340975 /* Main.storyboard in Resources */ = {isa = PBXBuildFile; fileRef = 92CAB870289C354800340975 /* Main.storyboard */; };
		92CAB874289C354B00340975 /* Assets.xcassets in Resources */ = {isa = PBXBuildFile; fileRef = 92CAB873289C354B00340975 /* Assets.xcassets */; };
		92CAB877289C354B00340975 /* LaunchScreen.storyboard in Resources */ = {isa = PBXBuildFile; fileRef = 92CAB875289C354B00340975 /* LaunchScreen.storyboard */; };
		92CAB880289C3B0300340975 /* SpringAnimation in Frameworks */ = {isa = PBXBuildFile; productRef = 92CAB87F289C3B0300340975 /* SpringAnimation */; };
		92CAB888289D331900340975 /* Animation.swift in Sources */ = {isa = PBXBuildFile; fileRef = 92CAB887289D331900340975 /* Animation.swift */; };
/* End PBXBuildFile section */

/* Begin PBXFileReference section */
		920DAB0628A170FA00E1F3E1 /* DataStore.swift */ = {isa = PBXFileReference; lastKnownFileType = sourcecode.swift; path = DataStore.swift; sourceTree = "<group>"; };
		92CAB867289C354800340975 /* SpringHomeWork.app */ = {isa = PBXFileReference; explicitFileType = wrapper.application; includeInIndex = 0; path = SpringHomeWork.app; sourceTree = BUILT_PRODUCTS_DIR; };
		92CAB86A289C354800340975 /* AppDelegate.swift */ = {isa = PBXFileReference; lastKnownFileType = sourcecode.swift; path = AppDelegate.swift; sourceTree = "<group>"; };
		92CAB86C289C354800340975 /* SceneDelegate.swift */ = {isa = PBXFileReference; lastKnownFileType = sourcecode.swift; path = SceneDelegate.swift; sourceTree = "<group>"; };
		92CAB86E289C354800340975 /* SpringViewController.swift */ = {isa = PBXFileReference; lastKnownFileType = sourcecode.swift; path = SpringViewController.swift; sourceTree = "<group>"; };
		92CAB871289C354800340975 /* Base */ = {isa = PBXFileReference; lastKnownFileType = file.storyboard; name = Base; path = Base.lproj/Main.storyboard; sourceTree = "<group>"; };
		92CAB873289C354B00340975 /* Assets.xcassets */ = {isa = PBXFileReference; lastKnownFileType = folder.assetcatalog; path = Assets.xcassets; sourceTree = "<group>"; };
		92CAB876289C354B00340975 /* Base */ = {isa = PBXFileReference; lastKnownFileType = file.storyboard; name = Base; path = Base.lproj/LaunchScreen.storyboard; sourceTree = "<group>"; };
		92CAB878289C354B00340975 /* Info.plist */ = {isa = PBXFileReference; lastKnownFileType = text.plist.xml; path = Info.plist; sourceTree = "<group>"; };
		92CAB887289D331900340975 /* Animation.swift */ = {isa = PBXFileReference; lastKnownFileType = sourcecode.swift; path = Animation.swift; sourceTree = "<group>"; };
/* End PBXFileReference section */

/* Begin PBXFrameworksBuildPhase section */
		92CAB864289C354800340975 /* Frameworks */ = {
			isa = PBXFrameworksBuildPhase;
			buildActionMask = 2147483647;
			files = (
				92CAB880289C3B0300340975 /* SpringAnimation in Frameworks */,
			);
			runOnlyForDeploymentPostprocessing = 0;
		};
/* End PBXFrameworksBuildPhase section */

/* Begin PBXGroup section */
		920DAB0528A170D800E1F3E1 /* Services */ = {
			isa = PBXGroup;
			children = (
				920DAB0628A170FA00E1F3E1 /* DataStore.swift */,
			);
			path = Services;
			sourceTree = "<group>";
		};
		92CAB85E289C354700340975 = {
			isa = PBXGroup;
			children = (
				92CAB869289C354800340975 /* SpringHomeWork */,
				92CAB868289C354800340975 /* Products */,
			);
			sourceTree = "<group>";
		};
		92CAB868289C354800340975 /* Products */ = {
			isa = PBXGroup;
			children = (
				92CAB867289C354800340975 /* SpringHomeWork.app */,
			);
			name = Products;
			sourceTree = "<group>";
		};
		92CAB869289C354800340975 /* SpringHomeWork */ = {
			isa = PBXGroup;
			children = (
				920DAB0528A170D800E1F3E1 /* Services */,
				92CAB886289D32DF00340975 /* ViewControllers */,
				92CAB884289D32C900340975 /* Model */,
				92CAB883289D32AB00340975 /* Storyboards */,
				92CAB882289D327F00340975 /* App */,
				92CAB881289D321700340975 /* Resources */,
			);
			path = SpringHomeWork;
			sourceTree = "<group>";
		};
		92CAB881289D321700340975 /* Resources */ = {
			isa = PBXGroup;
			children = (
				92CAB873289C354B00340975 /* Assets.xcassets */,
			);
			path = Resources;
			sourceTree = "<group>";
		};
		92CAB882289D327F00340975 /* App */ = {
			isa = PBXGroup;
			children = (
				92CAB86C289C354800340975 /* SceneDelegate.swift */,
				92CAB86A289C354800340975 /* AppDelegate.swift */,
				92CAB878289C354B00340975 /* Info.plist */,
			);
			path = App;
			sourceTree = "<group>";
		};
		92CAB883289D32AB00340975 /* Storyboards */ = {
			isa = PBXGroup;
			children = (
				92CAB875289C354B00340975 /* LaunchScreen.storyboard */,
				92CAB870289C354800340975 /* Main.storyboard */,
			);
			path = Storyboards;
			sourceTree = "<group>";
		};
		92CAB884289D32C900340975 /* Model */ = {
			isa = PBXGroup;
			children = (
				92CAB887289D331900340975 /* Animation.swift */,
			);
			path = Model;
			sourceTree = "<group>";
		};
		92CAB886289D32DF00340975 /* ViewControllers */ = {
			isa = PBXGroup;
			children = (
				92CAB86E289C354800340975 /* SpringViewController.swift */,
			);
			path = ViewControllers;
			sourceTree = "<group>";
		};
/* End PBXGroup section */

/* Begin PBXNativeTarget section */
		92CAB866289C354800340975 /* SpringHomeWork */ = {
			isa = PBXNativeTarget;
			buildConfigurationList = 92CAB87B289C354B00340975 /* Build configuration list for PBXNativeTarget "SpringHomeWork" */;
			buildPhases = (
				92CAB863289C354800340975 /* Sources */,
				92CAB864289C354800340975 /* Frameworks */,
				92CAB865289C354800340975 /* Resources */,
			);
			buildRules = (
			);
			dependencies = (
			);
			name = SpringHomeWork;
			packageProductDependencies = (
				92CAB87F289C3B0300340975 /* SpringAnimation */,
			);
			productName = SpringHomeWork;
			productReference = 92CAB867289C354800340975 /* SpringHomeWork.app */;
			productType = "com.apple.product-type.application";
		};
/* End PBXNativeTarget section */

/* Begin PBXProject section */
		92CAB85F289C354700340975 /* Project object */ = {
			isa = PBXProject;
			attributes = {
				BuildIndependentTargetsInParallel = 1;
				LastSwiftUpdateCheck = 1340;
				LastUpgradeCheck = 1340;
				TargetAttributes = {
					92CAB866289C354800340975 = {
						CreatedOnToolsVersion = 13.4.1;
					};
				};
			};
			buildConfigurationList = 92CAB862289C354700340975 /* Build configuration list for PBXProject "SpringHomeWork" */;
			compatibilityVersion = "Xcode 13.0";
			developmentRegion = en;
			hasScannedForEncodings = 0;
			knownRegions = (
				en,
				Base,
			);
			mainGroup = 92CAB85E289C354700340975;
			packageReferences = (
				92CAB87E289C3B0300340975 /* XCRemoteSwiftPackageReference "SpringAnimation" */,
			);
			productRefGroup = 92CAB868289C354800340975 /* Products */;
			projectDirPath = "";
			projectRoot = "";
			targets = (
				92CAB866289C354800340975 /* SpringHomeWork */,
			);
		};
/* End PBXProject section */

/* Begin PBXResourcesBuildPhase section */
		92CAB865289C354800340975 /* Resources */ = {
			isa = PBXResourcesBuildPhase;
			buildActionMask = 2147483647;
			files = (
				92CAB877289C354B00340975 /* LaunchScreen.storyboard in Resources */,
				92CAB874289C354B00340975 /* Assets.xcassets in Resources */,
				92CAB872289C354800340975 /* Main.storyboard in Resources */,
			);
			runOnlyForDeploymentPostprocessing = 0;
		};
/* End PBXResourcesBuildPhase section */

/* Begin PBXSourcesBuildPhase section */
		92CAB863289C354800340975 /* Sources */ = {
			isa = PBXSourcesBuildPhase;
			buildActionMask = 2147483647;
			files = (
				92CAB86F289C354800340975 /* SpringViewController.swift in Sources */,
				92CAB86B289C354800340975 /* AppDelegate.swift in Sources */,
				92CAB888289D331900340975 /* Animation.swift in Sources */,
				920DAB0728A170FA00E1F3E1 /* DataStore.swift in Sources */,
				92CAB86D289C354800340975 /* SceneDelegate.swift in Sources */,
			);
			runOnlyForDeploymentPostprocessing = 0;
		};
/* End PBXSourcesBuildPhase section */

/* Begin PBXVariantGroup section */
		92CAB870289C354800340975 /* Main.storyboard */ = {
			isa = PBXVariantGroup;
			children = (
				92CAB871289C354800340975 /* Base */,
			);
			name = Main.storyboard;
			sourceTree = "<group>";
		};
		92CAB875289C354B00340975 /* LaunchScreen.storyboard */ = {
			isa = PBXVariantGroup;
			children = (
				92CAB876289C354B00340975 /* Base */,
			);
			name = LaunchScreen.storyboard;
			sourceTree = "<group>";
		};
/* End PBXVariantGroup section */

/* Begin XCBuildConfiguration section */
		92CAB879289C354B00340975 /* Debug */ = {
			isa = XCBuildConfiguration;
			buildSettings = {
				ALWAYS_SEARCH_USER_PATHS = NO;
				CLANG_ANALYZER_NONNULL = YES;
				CLANG_ANALYZER_NUMBER_OBJECT_CONVERSION = YES_AGGRESSIVE;
				CLANG_CXX_LANGUAGE_STANDARD = "gnu++17";
				CLANG_ENABLE_MODULES = YES;
				CLANG_ENABLE_OBJC_ARC = YES;
				CLANG_ENABLE_OBJC_WEAK = YES;
				CLANG_WARN_BLOCK_CAPTURE_AUTORELEASING = YES;
				CLANG_WARN_BOOL_CONVERSION = YES;
				CLANG_WARN_COMMA = YES;
				CLANG_WARN_CONSTANT_CONVERSION = YES;
				CLANG_WARN_DEPRECATED_OBJC_IMPLEMENTATIONS = YES;
				CLANG_WARN_DIRECT_OBJC_ISA_USAGE = YES_ERROR;
				CLANG_WARN_DOCUMENTATION_COMMENTS = YES;
				CLANG_WARN_EMPTY_BODY = YES;
				CLANG_WARN_ENUM_CONVERSION = YES;
				CLANG_WARN_INFINITE_RECURSION = YES;
				CLANG_WARN_INT_CONVERSION = YES;
				CLANG_WARN_NON_LITERAL_NULL_CONVERSION = YES;
				CLANG_WARN_OBJC_IMPLICIT_RETAIN_SELF = YES;
				CLANG_WARN_OBJC_LITERAL_CONVERSION = YES;
				CLANG_WARN_OBJC_ROOT_CLASS = YES_ERROR;
				CLANG_WARN_QUOTED_INCLUDE_IN_FRAMEWORK_HEADER = YES;
				CLANG_WARN_RANGE_LOOP_ANALYSIS = YES;
				CLANG_WARN_STRICT_PROTOTYPES = YES;
				CLANG_WARN_SUSPICIOUS_MOVE = YES;
				CLANG_WARN_UNGUARDED_AVAILABILITY = YES_AGGRESSIVE;
				CLANG_WARN_UNREACHABLE_CODE = YES;
				CLANG_WARN__DUPLICATE_METHOD_MATCH = YES;
				COPY_PHASE_STRIP = NO;
				DEBUG_INFORMATION_FORMAT = dwarf;
				ENABLE_STRICT_OBJC_MSGSEND = YES;
				ENABLE_TESTABILITY = YES;
				GCC_C_LANGUAGE_STANDARD = gnu11;
				GCC_DYNAMIC_NO_PIC = NO;
				GCC_NO_COMMON_BLOCKS = YES;
				GCC_OPTIMIZATION_LEVEL = 0;
				GCC_PREPROCESSOR_DEFINITIONS = (
					"DEBUG=1",
					"$(inherited)",
				);
				GCC_WARN_64_TO_32_BIT_CONVERSION = YES;
				GCC_WARN_ABOUT_RETURN_TYPE = YES_ERROR;
				GCC_WARN_UNDECLARED_SELECTOR = YES;
				GCC_WARN_UNINITIALIZED_AUTOS = YES_AGGRESSIVE;
				GCC_WARN_UNUSED_FUNCTION = YES;
				GCC_WARN_UNUSED_VARIABLE = YES;
				IPHONEOS_DEPLOYMENT_TARGET = 15.5;
				MTL_ENABLE_DEBUG_INFO = INCLUDE_SOURCE;
				MTL_FAST_MATH = YES;
				ONLY_ACTIVE_ARCH = YES;
				SDKROOT = iphoneos;
				SWIFT_ACTIVE_COMPILATION_CONDITIONS = DEBUG;
				SWIFT_OPTIMIZATION_LEVEL = "-Onone";
			};
			name = Debug;
		};
		92CAB87A289C354B00340975 /* Release */ = {
			isa = XCBuildConfiguration;
			buildSettings = {
				ALWAYS_SEARCH_USER_PATHS = NO;
				CLANG_ANALYZER_NONNULL = YES;
				CLANG_ANALYZER_NUMBER_OBJECT_CONVERSION = YES_AGGRESSIVE;
				CLANG_CXX_LANGUAGE_STANDARD = "gnu++17";
				CLANG_ENABLE_MODULES = YES;
				CLANG_ENABLE_OBJC_ARC = YES;
				CLANG_ENABLE_OBJC_WEAK = YES;
				CLANG_WARN_BLOCK_CAPTURE_AUTORELEASING = YES;
				CLANG_WARN_BOOL_CONVERSION = YES;
				CLANG_WARN_COMMA = YES;
				CLANG_WARN_CONSTANT_CONVERSION = YES;
				CLANG_WARN_DEPRECATED_OBJC_IMPLEMENTATIONS = YES;
				CLANG_WARN_DIRECT_OBJC_ISA_USAGE = YES_ERROR;
				CLANG_WARN_DOCUMENTATION_COMMENTS = YES;
				CLANG_WARN_EMPTY_BODY = YES;
				CLANG_WARN_ENUM_CONVERSION = YES;
				CLANG_WARN_INFINITE_RECURSION = YES;
				CLANG_WARN_INT_CONVERSION = YES;
				CLANG_WARN_NON_LITERAL_NULL_CONVERSION = YES;
				CLANG_WARN_OBJC_IMPLICIT_RETAIN_SELF = YES;
				CLANG_WARN_OBJC_LITERAL_CONVERSION = YES;
				CLANG_WARN_OBJC_ROOT_CLASS = YES_ERROR;
				CLANG_WARN_QUOTED_INCLUDE_IN_FRAMEWORK_HEADER = YES;
				CLANG_WARN_RANGE_LOOP_ANALYSIS = YES;
				CLANG_WARN_STRICT_PROTOTYPES = YES;
				CLANG_WARN_SUSPICIOUS_MOVE = YES;
				CLANG_WARN_UNGUARDED_AVAILABILITY = YES_AGGRESSIVE;
				CLANG_WARN_UNREACHABLE_CODE = YES;
				CLANG_WARN__DUPLICATE_METHOD_MATCH = YES;
				COPY_PHASE_STRIP = NO;
				DEBUG_INFORMATION_FORMAT = "dwarf-with-dsym";
				ENABLE_NS_ASSERTIONS = NO;
				ENABLE_STRICT_OBJC_MSGSEND = YES;
				GCC_C_LANGUAGE_STANDARD = gnu11;
				GCC_NO_COMMON_BLOCKS = YES;
				GCC_WARN_64_TO_32_BIT_CONVERSION = YES;
				GCC_WARN_ABOUT_RETURN_TYPE = YES_ERROR;
				GCC_WARN_UNDECLARED_SELECTOR = YES;
				GCC_WARN_UNINITIALIZED_AUTOS = YES_AGGRESSIVE;
				GCC_WARN_UNUSED_FUNCTION = YES;
				GCC_WARN_UNUSED_VARIABLE = YES;
				IPHONEOS_DEPLOYMENT_TARGET = 15.5;
				MTL_ENABLE_DEBUG_INFO = NO;
				MTL_FAST_MATH = YES;
				SDKROOT = iphoneos;
				SWIFT_COMPILATION_MODE = wholemodule;
				SWIFT_OPTIMIZATION_LEVEL = "-O";
				VALIDATE_PRODUCT = YES;
			};
			name = Release;
		};
		92CAB87C289C354B00340975 /* Debug */ = {
			isa = XCBuildConfiguration;
			buildSettings = {
				ASSETCATALOG_COMPILER_APPICON_NAME = AppIcon;
				ASSETCATALOG_COMPILER_GLOBAL_ACCENT_COLOR_NAME = AccentColor;
				CODE_SIGN_STYLE = Automatic;
				CURRENT_PROJECT_VERSION = 1;
				DEVELOPMENT_TEAM = JJT989VNH4;
				GENERATE_INFOPLIST_FILE = YES;
				INFOPLIST_FILE = SpringHomeWork/App/Info.plist;
				INFOPLIST_KEY_UIApplicationSupportsIndirectInputEvents = YES;
				INFOPLIST_KEY_UILaunchStoryboardName = LaunchScreen;
				INFOPLIST_KEY_UIMainStoryboardFile = Main;
				INFOPLIST_KEY_UISupportedInterfaceOrientations_iPad = "UIInterfaceOrientationPortrait UIInterfaceOrientationPortraitUpsideDown UIInterfaceOrientationLandscapeLeft UIInterfaceOrientationLandscapeRight";
				INFOPLIST_KEY_UISupportedInterfaceOrientations_iPhone = "UIInterfaceOrientationPortrait UIInterfaceOrientationLandscapeLeft UIInterfaceOrientationLandscapeRight";
				LD_RUNPATH_SEARCH_PATHS = (
					"$(inherited)",
					"@executable_path/Frameworks",
				);
				MARKETING_VERSION = 1.0;
				PRODUCT_BUNDLE_IDENTIFIER = belenets.SpringHomeWork;
				PRODUCT_NAME = "$(TARGET_NAME)";
				SWIFT_EMIT_LOC_STRINGS = YES;
				SWIFT_VERSION = 5.0;
				TARGETED_DEVICE_FAMILY = "1,2";
			};
			name = Debug;
		};
		92CAB87D289C354B00340975 /* Release */ = {
			isa = XCBuildConfiguration;
			buildSettings = {
				ASSETCATALOG_COMPILER_APPICON_NAME = AppIcon;
				ASSETCATALOG_COMPILER_GLOBAL_ACCENT_COLOR_NAME = AccentColor;
				CODE_SIGN_STYLE = Automatic;
				CURRENT_PROJECT_VERSION = 1;
				DEVELOPMENT_TEAM = JJT989VNH4;
				GENERATE_INFOPLIST_FILE = YES;
				INFOPLIST_FILE = SpringHomeWork/App/Info.plist;
				INFOPLIST_KEY_UIApplicationSupportsIndirectInputEvents = YES;
				INFOPLIST_KEY_UILaunchStoryboardName = LaunchScreen;
				INFOPLIST_KEY_UIMainStoryboardFile = Main;
				INFOPLIST_KEY_UISupportedInterfaceOrientations_iPad = "UIInterfaceOrientationPortrait UIInterfaceOrientationPortraitUpsideDown UIInterfaceOrientationLandscapeLeft UIInterfaceOrientationLandscapeRight";
				INFOPLIST_KEY_UISupportedInterfaceOrientations_iPhone = "UIInterfaceOrientationPortrait UIInterfaceOrientationLandscapeLeft UIInterfaceOrientationLandscapeRight";
				LD_RUNPATH_SEARCH_PATHS = (
					"$(inherited)",
					"@executable_path/Frameworks",
				);
				MARKETING_VERSION = 1.0;
				PRODUCT_BUNDLE_IDENTIFIER = belenets.SpringHomeWork;
				PRODUCT_NAME = "$(TARGET_NAME)";
				SWIFT_EMIT_LOC_STRINGS = YES;
				SWIFT_VERSION = 5.0;
				TARGETED_DEVICE_FAMILY = "1,2";
			};
			name = Release;
		};
/* End XCBuildConfiguration section */

/* Begin XCConfigurationList section */
		92CAB862289C354700340975 /* Build configuration list for PBXProject "SpringHomeWork" */ = {
			isa = XCConfigurationList;
			buildConfigurations = (
				92CAB879289C354B00340975 /* Debug */,
				92CAB87A289C354B00340975 /* Release */,
			);
			defaultConfigurationIsVisible = 0;
			defaultConfigurationName = Release;
		};
		92CAB87B289C354B00340975 /* Build configuration list for PBXNativeTarget "SpringHomeWork" */ = {
			isa = XCConfigurationList;
			buildConfigurations = (
				92CAB87C289C354B00340975 /* Debug */,
				92CAB87D289C354B00340975 /* Release */,
			);
			defaultConfigurationIsVisible = 0;
			defaultConfigurationName = Release;
		};
/* End XCConfigurationList section */

/* Begin XCRemoteSwiftPackageReference section */
		92CAB87E289C3B0300340975 /* XCRemoteSwiftPackageReference "SpringAnimation" */ = {
			isa = XCRemoteSwiftPackageReference;
			repositoryURL = "https://github.com/LexDeBash/SpringAnimation";
			requirement = {
				kind = upToNextMinorVersion;
				minimumVersion = 0.3.0;
			};
		};
/* End XCRemoteSwiftPackageReference section */

/* Begin XCSwiftPackageProductDependency section */
		92CAB87F289C3B0300340975 /* SpringAnimation */ = {
			isa = XCSwiftPackageProductDependency;
			package = 92CAB87E289C3B0300340975 /* XCRemoteSwiftPackageReference "SpringAnimation" */;
			productName = SpringAnimation;
		};
/* End XCSwiftPackageProductDependency section */
	};
	rootObject = 92CAB85F289C354700340975 /* Project object */;
}
